
Microsoft Visual Studio Solution File, Format Version 12.00
Project("{FAE04EC0-301F-11D3-BF4B-00C04F79EFBC}") = "OnlineStore", "OnlineStore.csproj", "{ADB74A1D-BC62-4A7E-A727-0282A540F326}"
EndProject
Global
	GlobalSection(SolutionConfigurationPlatforms) = preSolution
		Debug|Any CPU = Debug|Any CPU
		Release|Any CPU = Release|Any CPU
	EndGlobalSection
	GlobalSection(ProjectConfigurationPlatforms) = postSolution
		{ADB74A1D-BC62-4A7E-A727-0282A540F326}.Debug|Any CPU.ActiveCfg = Debug|Any CPU
		{ADB74A1D-BC62-4A7E-A727-0282A540F326}.Debug|Any CPU.Build.0 = Debug|Any CPU
		{ADB74A1D-BC62-4A7E-A727-0282A540F326}.Release|Any CPU.ActiveCfg = Release|Any CPU
		{ADB74A1D-BC62-4A7E-A727-0282A540F326}.Release|Any CPU.Build.0 = Release|Any CPU
	EndGlobalSection
EndGlobal
